// !$*UTF8*$!
{
	archiveVersion = 1;
	classes = {
	};
	objectVersion = 46;
	objects = {

/* Begin PBXBuildFile section */
		8F5164551A8E044200346AF1 /* main.m in Sources */ = {isa = PBXBuildFile; fileRef = 8F5164541A8E044200346AF1 /* main.m */; };
		8F5164581A8E044200346AF1 /* AppDelegate.m in Sources */ = {isa = PBXBuildFile; fileRef = 8F5164571A8E044200346AF1 /* AppDelegate.m */; };
		8F51645B1A8E044200346AF1 /* Home.m in Sources */ = {isa = PBXBuildFile; fileRef = 8F51645A1A8E044200346AF1 /* Home.m */; };
		8F51645E1A8E044200346AF1 /* Main.storyboard in Resources */ = {isa = PBXBuildFile; fileRef = 8F51645C1A8E044200346AF1 /* Main.storyboard */; };
		8F5164601A8E044200346AF1 /* Images.xcassets in Resources */ = {isa = PBXBuildFile; fileRef = 8F51645F1A8E044200346AF1 /* Images.xcassets */; };
		8F5164631A8E044200346AF1 /* LaunchScreen.xib in Resources */ = {isa = PBXBuildFile; fileRef = 8F5164611A8E044200346AF1 /* LaunchScreen.xib */; };
		8F51646F1A8E044200346AF1 /* tragomapsTests.m in Sources */ = {isa = PBXBuildFile; fileRef = 8F51646E1A8E044200346AF1 /* tragomapsTests.m */; };
		8F51649A1A8E8FEF00346AF1 /* NSDate+RFC1123.html in Resources */ = {isa = PBXBuildFile; fileRef = 8F51647D1A8E8FEF00346AF1 /* NSDate+RFC1123.html */; };
		8F51649B1A8E8FEF00346AF1 /* NSString+GTMNSStringHTMLAdditions.html in Resources */ = {isa = PBXBuildFile; fileRef = 8F51647E1A8E8FEF00346AF1 /* NSString+GTMNSStringHTMLAdditions.html */; };
		8F51649C1A8E8FEF00346AF1 /* PushNotificationManager.html in Resources */ = {isa = PBXBuildFile; fileRef = 8F5164801A8E8FEF00346AF1 /* PushNotificationManager.html */; };
		8F51649D1A8E8FEF00346AF1 /* PWNetworkEngine.html in Resources */ = {isa = PBXBuildFile; fileRef = 8F5164811A8E8FEF00346AF1 /* PWNetworkEngine.html */; };
		8F51649E1A8E8FEF00346AF1 /* PWNetworkOperation.html in Resources */ = {isa = PBXBuildFile; fileRef = 8F5164821A8E8FEF00346AF1 /* PWNetworkOperation.html */; };
		8F51649F1A8E8FEF00346AF1 /* PWReachability.html in Resources */ = {isa = PBXBuildFile; fileRef = 8F5164831A8E8FEF00346AF1 /* PWReachability.html */; };
		8F5164A01A8E8FEF00346AF1 /* PWTags.html in Resources */ = {isa = PBXBuildFile; fileRef = 8F5164841A8E8FEF00346AF1 /* PWTags.html */; };
		8F5164A11A8E8FEF00346AF1 /* PWBeaconAction.html in Resources */ = {isa = PBXBuildFile; fileRef = 8F5164861A8E8FEF00346AF1 /* PWBeaconAction.html */; };
		8F5164A21A8E8FEF00346AF1 /* PWSupportedOrientations.html in Resources */ = {isa = PBXBuildFile; fileRef = 8F5164871A8E8FEF00346AF1 /* PWSupportedOrientations.html */; };
		8F5164A31A8E8FEF00346AF1 /* styles.css in Resources */ = {isa = PBXBuildFile; fileRef = 8F5164891A8E8FEF00346AF1 /* styles.css */; };
		8F5164A41A8E8FEF00346AF1 /* stylesPrint.css in Resources */ = {isa = PBXBuildFile; fileRef = 8F51648A1A8E8FEF00346AF1 /* stylesPrint.css */; };
		8F5164A51A8E8FEF00346AF1 /* hierarchy.html in Resources */ = {isa = PBXBuildFile; fileRef = 8F51648B1A8E8FEF00346AF1 /* hierarchy.html */; };
		8F5164A61A8E8FEF00346AF1 /* button_bar_background.png in Resources */ = {isa = PBXBuildFile; fileRef = 8F51648D1A8E8FEF00346AF1 /* button_bar_background.png */; };
		8F5164A71A8E8FEF00346AF1 /* disclosure.png in Resources */ = {isa = PBXBuildFile; fileRef = 8F51648E1A8E8FEF00346AF1 /* disclosure.png */; };
		8F5164A81A8E8FEF00346AF1 /* disclosure_open.png in Resources */ = {isa = PBXBuildFile; fileRef = 8F51648F1A8E8FEF00346AF1 /* disclosure_open.png */; };
		8F5164A91A8E8FEF00346AF1 /* library_background.png in Resources */ = {isa = PBXBuildFile; fileRef = 8F5164901A8E8FEF00346AF1 /* library_background.png */; };
		8F5164AA1A8E8FEF00346AF1 /* title_background.png in Resources */ = {isa = PBXBuildFile; fileRef = 8F5164911A8E8FEF00346AF1 /* title_background.png */; };
		8F5164AB1A8E8FEF00346AF1 /* index.html in Resources */ = {isa = PBXBuildFile; fileRef = 8F5164921A8E8FEF00346AF1 /* index.html */; };
		8F5164AC1A8E8FEF00346AF1 /* PushNotificationDelegate.html in Resources */ = {isa = PBXBuildFile; fileRef = 8F5164941A8E8FEF00346AF1 /* PushNotificationDelegate.html */; };
		8F5164AD1A8E8FEF00346AF1 /* Pushwoosh.framework in Frameworks */ = {isa = PBXBuildFile; fileRef = 8F5164961A8E8FEF00346AF1 /* Pushwoosh.framework */; };
		8F5164AE1A8E8FEF00346AF1 /* LICENSE in Resources */ = {isa = PBXBuildFile; fileRef = 8F5164971A8E8FEF00346AF1 /* LICENSE */; };
		8F5164AF1A8E8FEF00346AF1 /* README.md in Sources */ = {isa = PBXBuildFile; fileRef = 8F5164981A8E8FEF00346AF1 /* README.md */; };
		8F5164B01A8E8FEF00346AF1 /* VERSION.md in Sources */ = {isa = PBXBuildFile; fileRef = 8F5164991A8E8FEF00346AF1 /* VERSION.md */; };
		8F5164B21A8E974700346AF1 /* iAd.framework in Frameworks */ = {isa = PBXBuildFile; fileRef = 8F5164B11A8E974700346AF1 /* iAd.framework */; };
/* End PBXBuildFile section */

/* Begin PBXContainerItemProxy section */
		8F5164691A8E044200346AF1 /* PBXContainerItemProxy */ = {
			isa = PBXContainerItemProxy;
			containerPortal = 8F5164471A8E044100346AF1 /* Project object */;
			proxyType = 1;
			remoteGlobalIDString = 8F51644E1A8E044200346AF1;
			remoteInfo = tragomaps;
		};
/* End PBXContainerItemProxy section */

/* Begin PBXFileReference section */
		8F51644F1A8E044200346AF1 /* tragomaps.app */ = {isa = PBXFileReference; explicitFileType = wrapper.application; includeInIndex = 0; path = tragomaps.app; sourceTree = BUILT_PRODUCTS_DIR; };
		8F5164531A8E044200346AF1 /* Info.plist */ = {isa = PBXFileReference; lastKnownFileType = text.plist.xml; path = Info.plist; sourceTree = "<group>"; };
		8F5164541A8E044200346AF1 /* main.m */ = {isa = PBXFileReference; lastKnownFileType = sourcecode.c.objc; path = main.m; sourceTree = "<group>"; };
		8F5164561A8E044200346AF1 /* AppDelegate.h */ = {isa = PBXFileReference; lastKnownFileType = sourcecode.c.h; path = AppDelegate.h; sourceTree = "<group>"; };
		8F5164571A8E044200346AF1 /* AppDelegate.m */ = {isa = PBXFileReference; lastKnownFileType = sourcecode.c.objc; path = AppDelegate.m; sourceTree = "<group>"; };
		8F5164591A8E044200346AF1 /* Home.h */ = {isa = PBXFileReference; lastKnownFileType = sourcecode.c.h; path = Home.h; sourceTree = "<group>"; };
		8F51645A1A8E044200346AF1 /* Home.m */ = {isa = PBXFileReference; lastKnownFileType = sourcecode.c.objc; path = Home.m; sourceTree = "<group>"; };
		8F51645D1A8E044200346AF1 /* Base */ = {isa = PBXFileReference; lastKnownFileType = file.storyboard; name = Base; path = Base.lproj/Main.storyboard; sourceTree = "<group>"; };
		8F51645F1A8E044200346AF1 /* Images.xcassets */ = {isa = PBXFileReference; lastKnownFileType = folder.assetcatalog; path = Images.xcassets; sourceTree = "<group>"; };
		8F5164621A8E044200346AF1 /* Base */ = {isa = PBXFileReference; lastKnownFileType = file.xib; name = Base; path = Base.lproj/LaunchScreen.xib; sourceTree = "<group>"; };
		8F5164681A8E044200346AF1 /* tragomapsTests.xctest */ = {isa = PBXFileReference; explicitFileType = wrapper.cfbundle; includeInIndex = 0; path = tragomapsTests.xctest; sourceTree = BUILT_PRODUCTS_DIR; };
		8F51646D1A8E044200346AF1 /* Info.plist */ = {isa = PBXFileReference; lastKnownFileType = text.plist.xml; path = Info.plist; sourceTree = "<group>"; };
		8F51646E1A8E044200346AF1 /* tragomapsTests.m */ = {isa = PBXFileReference; lastKnownFileType = sourcecode.c.objc; path = tragomapsTests.m; sourceTree = "<group>"; };
		8F51647D1A8E8FEF00346AF1 /* NSDate+RFC1123.html */ = {isa = PBXFileReference; fileEncoding = 4; lastKnownFileType = text.html.documentation; path = "NSDate+RFC1123.html"; sourceTree = "<group>"; };
		8F51647E1A8E8FEF00346AF1 /* NSString+GTMNSStringHTMLAdditions.html */ = {isa = PBXFileReference; fileEncoding = 4; lastKnownFileType = text.html.documentation; path = "NSString+GTMNSStringHTMLAdditions.html"; sourceTree = "<group>"; };
		8F5164801A8E8FEF00346AF1 /* PushNotificationManager.html */ = {isa = PBXFileReference; fileEncoding = 4; lastKnownFileType = text.html.documentation; path = PushNotificationManager.html; sourceTree = "<group>"; };
		8F5164811A8E8FEF00346AF1 /* PWNetworkEngine.html */ = {isa = PBXFileReference; fileEncoding = 4; lastKnownFileType = text.html.documentation; path = PWNetworkEngine.html; sourceTree = "<group>"; };
		8F5164821A8E8FEF00346AF1 /* PWNetworkOperation.html */ = {isa = PBXFileReference; fileEncoding = 4; lastKnownFileType = text.html.documentation; path = PWNetworkOperation.html; sourceTree = "<group>"; };
		8F5164831A8E8FEF00346AF1 /* PWReachability.html */ = {isa = PBXFileReference; fileEncoding = 4; lastKnownFileType = text.html.documentation; path = PWReachability.html; sourceTree = "<group>"; };
		8F5164841A8E8FEF00346AF1 /* PWTags.html */ = {isa = PBXFileReference; fileEncoding = 4; lastKnownFileType = text.html.documentation; path = PWTags.html; sourceTree = "<group>"; };
		8F5164861A8E8FEF00346AF1 /* PWBeaconAction.html */ = {isa = PBXFileReference; fileEncoding = 4; lastKnownFileType = text.html.documentation; path = PWBeaconAction.html; sourceTree = "<group>"; };
		8F5164871A8E8FEF00346AF1 /* PWSupportedOrientations.html */ = {isa = PBXFileReference; fileEncoding = 4; lastKnownFileType = text.html.documentation; path = PWSupportedOrientations.html; sourceTree = "<group>"; };
		8F5164891A8E8FEF00346AF1 /* styles.css */ = {isa = PBXFileReference; fileEncoding = 4; lastKnownFileType = text.css; path = styles.css; sourceTree = "<group>"; };
		8F51648A1A8E8FEF00346AF1 /* stylesPrint.css */ = {isa = PBXFileReference; fileEncoding = 4; lastKnownFileType = text.css; path = stylesPrint.css; sourceTree = "<group>"; };
		8F51648B1A8E8FEF00346AF1 /* hierarchy.html */ = {isa = PBXFileReference; fileEncoding = 4; lastKnownFileType = text.html.documentation; path = hierarchy.html; sourceTree = "<group>"; };
		8F51648D1A8E8FEF00346AF1 /* button_bar_background.png */ = {isa = PBXFileReference; lastKnownFileType = image.png; path = button_bar_background.png; sourceTree = "<group>"; };
		8F51648E1A8E8FEF00346AF1 /* disclosure.png */ = {isa = PBXFileReference; lastKnownFileType = image.png; path = disclosure.png; sourceTree = "<group>"; };
		8F51648F1A8E8FEF00346AF1 /* disclosure_open.png */ = {isa = PBXFileReference; lastKnownFileType = image.png; path = disclosure_open.png; sourceTree = "<group>"; };
		8F5164901A8E8FEF00346AF1 /* library_background.png */ = {isa = PBXFileReference; lastKnownFileType = image.png; path = library_background.png; sourceTree = "<group>"; };
		8F5164911A8E8FEF00346AF1 /* title_background.png */ = {isa = PBXFileReference; lastKnownFileType = image.png; path = title_background.png; sourceTree = "<group>"; };
		8F5164921A8E8FEF00346AF1 /* index.html */ = {isa = PBXFileReference; fileEncoding = 4; lastKnownFileType = text.html.documentation; path = index.html; sourceTree = "<group>"; };
		8F5164941A8E8FEF00346AF1 /* PushNotificationDelegate.html */ = {isa = PBXFileReference; fileEncoding = 4; lastKnownFileType = text.html.documentation; path = PushNotificationDelegate.html; sourceTree = "<group>"; };
		8F5164961A8E8FEF00346AF1 /* Pushwoosh.framework */ = {isa = PBXFileReference; lastKnownFileType = wrapper.framework; path = Pushwoosh.framework; sourceTree = "<group>"; };
		8F5164971A8E8FEF00346AF1 /* LICENSE */ = {isa = PBXFileReference; fileEncoding = 4; lastKnownFileType = text; path = LICENSE; sourceTree = "<group>"; };
		8F5164981A8E8FEF00346AF1 /* README.md */ = {isa = PBXFileReference; fileEncoding = 4; lastKnownFileType = net.daringfireball.markdown; path = README.md; sourceTree = "<group>"; };
		8F5164991A8E8FEF00346AF1 /* VERSION.md */ = {isa = PBXFileReference; fileEncoding = 4; lastKnownFileType = net.daringfireball.markdown; path = VERSION.md; sourceTree = "<group>"; };
		8F5164B11A8E974700346AF1 /* iAd.framework */ = {isa = PBXFileReference; lastKnownFileType = wrapper.framework; name = iAd.framework; path = System/Library/Frameworks/iAd.framework; sourceTree = SDKROOT; };
/* End PBXFileReference section */

/* Begin PBXFrameworksBuildPhase section */
		8F51644C1A8E044200346AF1 /* Frameworks */ = {
			isa = PBXFrameworksBuildPhase;
			buildActionMask = 2147483647;
			files = (
				8F5164B21A8E974700346AF1 /* iAd.framework in Frameworks */,
				8F5164AD1A8E8FEF00346AF1 /* Pushwoosh.framework in Frameworks */,
			);
			runOnlyForDeploymentPostprocessing = 0;
		};
		8F5164651A8E044200346AF1 /* Frameworks */ = {
			isa = PBXFrameworksBuildPhase;
			buildActionMask = 2147483647;
			files = (
			);
			runOnlyForDeploymentPostprocessing = 0;
		};
/* End PBXFrameworksBuildPhase section */

/* Begin PBXGroup section */
		8F5164461A8E044100346AF1 = {
			isa = PBXGroup;
			children = (
				8F5164B11A8E974700346AF1 /* iAd.framework */,
				8F5164511A8E044200346AF1 /* tragomaps */,
				8F51646B1A8E044200346AF1 /* tragomapsTests */,
				8F5164501A8E044200346AF1 /* Products */,
			);
			sourceTree = "<group>";
		};
		8F5164501A8E044200346AF1 /* Products */ = {
			isa = PBXGroup;
			children = (
				8F51644F1A8E044200346AF1 /* tragomaps.app */,
				8F5164681A8E044200346AF1 /* tragomapsTests.xctest */,
			);
			name = Products;
			sourceTree = "<group>";
		};
		8F5164511A8E044200346AF1 /* tragomaps */ = {
			isa = PBXGroup;
			children = (
				8F5164781A8E8FC000346AF1 /* frameworks */,
				8F5164561A8E044200346AF1 /* AppDelegate.h */,
				8F5164571A8E044200346AF1 /* AppDelegate.m */,
				8F5164591A8E044200346AF1 /* Home.h */,
				8F51645A1A8E044200346AF1 /* Home.m */,
				8F51645C1A8E044200346AF1 /* Main.storyboard */,
				8F51645F1A8E044200346AF1 /* Images.xcassets */,
				8F5164611A8E044200346AF1 /* LaunchScreen.xib */,
				8F5164521A8E044200346AF1 /* Supporting Files */,
			);
			path = tragomaps;
			sourceTree = "<group>";
		};
		8F5164521A8E044200346AF1 /* Supporting Files */ = {
			isa = PBXGroup;
			children = (
				8F5164531A8E044200346AF1 /* Info.plist */,
				8F5164541A8E044200346AF1 /* main.m */,
			);
			name = "Supporting Files";
			sourceTree = "<group>";
		};
		8F51646B1A8E044200346AF1 /* tragomapsTests */ = {
			isa = PBXGroup;
			children = (
				8F51646E1A8E044200346AF1 /* tragomapsTests.m */,
				8F51646C1A8E044200346AF1 /* Supporting Files */,
			);
			path = tragomapsTests;
			sourceTree = "<group>";
		};
		8F51646C1A8E044200346AF1 /* Supporting Files */ = {
			isa = PBXGroup;
			children = (
				8F51646D1A8E044200346AF1 /* Info.plist */,
			);
			name = "Supporting Files";
			sourceTree = "<group>";
		};
		8F5164781A8E8FC000346AF1 /* frameworks */ = {
			isa = PBXGroup;
			children = (
				8F51647A1A8E8FEF00346AF1 /* pushwoosh-ios-sdk-master */,
			);
			name = frameworks;
			sourceTree = "<group>";
		};
		8F51647A1A8E8FEF00346AF1 /* pushwoosh-ios-sdk-master */ = {
			isa = PBXGroup;
			children = (
				8F51647B1A8E8FEF00346AF1 /* Documentation */,
				8F5164951A8E8FEF00346AF1 /* Framework */,
				8F5164971A8E8FEF00346AF1 /* LICENSE */,
				8F5164981A8E8FEF00346AF1 /* README.md */,
				8F5164991A8E8FEF00346AF1 /* VERSION.md */,
			);
			path = "pushwoosh-ios-sdk-master";
			sourceTree = "<group>";
		};
		8F51647B1A8E8FEF00346AF1 /* Documentation */ = {
			isa = PBXGroup;
			children = (
				8F51647C1A8E8FEF00346AF1 /* Categories */,
				8F51647F1A8E8FEF00346AF1 /* Classes */,
				8F5164851A8E8FEF00346AF1 /* Constants */,
				8F5164881A8E8FEF00346AF1 /* css */,
				8F51648B1A8E8FEF00346AF1 /* hierarchy.html */,
				8F51648C1A8E8FEF00346AF1 /* img */,
				8F5164921A8E8FEF00346AF1 /* index.html */,
				8F5164931A8E8FEF00346AF1 /* Protocols */,
			);
			path = Documentation;
			sourceTree = "<group>";
		};
		8F51647C1A8E8FEF00346AF1 /* Categories */ = {
			isa = PBXGroup;
			children = (
				8F51647D1A8E8FEF00346AF1 /* NSDate+RFC1123.html */,
				8F51647E1A8E8FEF00346AF1 /* NSString+GTMNSStringHTMLAdditions.html */,
			);
			path = Categories;
			sourceTree = "<group>";
		};
		8F51647F1A8E8FEF00346AF1 /* Classes */ = {
			isa = PBXGroup;
			children = (
				8F5164801A8E8FEF00346AF1 /* PushNotificationManager.html */,
				8F5164811A8E8FEF00346AF1 /* PWNetworkEngine.html */,
				8F5164821A8E8FEF00346AF1 /* PWNetworkOperation.html */,
				8F5164831A8E8FEF00346AF1 /* PWReachability.html */,
				8F5164841A8E8FEF00346AF1 /* PWTags.html */,
			);
			path = Classes;
			sourceTree = "<group>";
		};
		8F5164851A8E8FEF00346AF1 /* Constants */ = {
			isa = PBXGroup;
			children = (
				8F5164861A8E8FEF00346AF1 /* PWBeaconAction.html */,
				8F5164871A8E8FEF00346AF1 /* PWSupportedOrientations.html */,
			);
			path = Constants;
			sourceTree = "<group>";
		};
		8F5164881A8E8FEF00346AF1 /* css */ = {
			isa = PBXGroup;
			children = (
				8F5164891A8E8FEF00346AF1 /* styles.css */,
				8F51648A1A8E8FEF00346AF1 /* stylesPrint.css */,
			);
			path = css;
			sourceTree = "<group>";
		};
		8F51648C1A8E8FEF00346AF1 /* img */ = {
			isa = PBXGroup;
			children = (
				8F51648D1A8E8FEF00346AF1 /* button_bar_background.png */,
				8F51648E1A8E8FEF00346AF1 /* disclosure.png */,
				8F51648F1A8E8FEF00346AF1 /* disclosure_open.png */,
				8F5164901A8E8FEF00346AF1 /* library_background.png */,
				8F5164911A8E8FEF00346AF1 /* title_background.png */,
			);
			path = img;
			sourceTree = "<group>";
		};
		8F5164931A8E8FEF00346AF1 /* Protocols */ = {
			isa = PBXGroup;
			children = (
				8F5164941A8E8FEF00346AF1 /* PushNotificationDelegate.html */,
			);
			path = Protocols;
			sourceTree = "<group>";
		};
		8F5164951A8E8FEF00346AF1 /* Framework */ = {
			isa = PBXGroup;
			children = (
				8F5164961A8E8FEF00346AF1 /* Pushwoosh.framework */,
			);
			path = Framework;
			sourceTree = "<group>";
		};
/* End PBXGroup section */

/* Begin PBXNativeTarget section */
		8F51644E1A8E044200346AF1 /* tragomaps */ = {
			isa = PBXNativeTarget;
			buildConfigurationList = 8F5164721A8E044200346AF1 /* Build configuration list for PBXNativeTarget "tragomaps" */;
			buildPhases = (
				8F51644B1A8E044200346AF1 /* Sources */,
				8F51644C1A8E044200346AF1 /* Frameworks */,
				8F51644D1A8E044200346AF1 /* Resources */,
			);
			buildRules = (
			);
			dependencies = (
			);
			name = tragomaps;
			productName = tragomaps;
			productReference = 8F51644F1A8E044200346AF1 /* tragomaps.app */;
			productType = "com.apple.product-type.application";
		};
		8F5164671A8E044200346AF1 /* tragomapsTests */ = {
			isa = PBXNativeTarget;
			buildConfigurationList = 8F5164751A8E044200346AF1 /* Build configuration list for PBXNativeTarget "tragomapsTests" */;
			buildPhases = (
				8F5164641A8E044200346AF1 /* Sources */,
				8F5164651A8E044200346AF1 /* Frameworks */,
				8F5164661A8E044200346AF1 /* Resources */,
			);
			buildRules = (
			);
			dependencies = (
				8F51646A1A8E044200346AF1 /* PBXTargetDependency */,
			);
			name = tragomapsTests;
			productName = tragomapsTests;
			productReference = 8F5164681A8E044200346AF1 /* tragomapsTests.xctest */;
			productType = "com.apple.product-type.bundle.unit-test";
		};
/* End PBXNativeTarget section */

/* Begin PBXProject section */
		8F5164471A8E044100346AF1 /* Project object */ = {
			isa = PBXProject;
			attributes = {
				LastUpgradeCheck = 0610;
				ORGANIZATIONNAME = TRON;
				TargetAttributes = {
					8F51644E1A8E044200346AF1 = {
						CreatedOnToolsVersion = 6.1.1;
					};
					8F5164671A8E044200346AF1 = {
						CreatedOnToolsVersion = 6.1.1;
						TestTargetID = 8F51644E1A8E044200346AF1;
					};
				};
			};
			buildConfigurationList = 8F51644A1A8E044100346AF1 /* Build configuration list for PBXProject "tragomaps" */;
			compatibilityVersion = "Xcode 3.2";
			developmentRegion = English;
			hasScannedForEncodings = 0;
			knownRegions = (
				en,
				Base,
			);
			mainGroup = 8F5164461A8E044100346AF1;
			productRefGroup = 8F5164501A8E044200346AF1 /* Products */;
			projectDirPath = "";
			projectRoot = "";
			targets = (
				8F51644E1A8E044200346AF1 /* tragomaps */,
				8F5164671A8E044200346AF1 /* tragomapsTests */,
			);
		};
/* End PBXProject section */

/* Begin PBXResourcesBuildPhase section */
		8F51644D1A8E044200346AF1 /* Resources */ = {
			isa = PBXResourcesBuildPhase;
			buildActionMask = 2147483647;
			files = (
				8F5164AB1A8E8FEF00346AF1 /* index.html in Resources */,
				8F51649D1A8E8FEF00346AF1 /* PWNetworkEngine.html in Resources */,
				8F5164A91A8E8FEF00346AF1 /* library_background.png in Resources */,
				8F5164A11A8E8FEF00346AF1 /* PWBeaconAction.html in Resources */,
				8F51645E1A8E044200346AF1 /* Main.storyboard in Resources */,
				8F5164A41A8E8FEF00346AF1 /* stylesPrint.css in Resources */,
				8F5164AC1A8E8FEF00346AF1 /* PushNotificationDelegate.html in Resources */,
				8F5164A81A8E8FEF00346AF1 /* disclosure_open.png in Resources */,
				8F5164A21A8E8FEF00346AF1 /* PWSupportedOrientations.html in Resources */,
				8F5164A31A8E8FEF00346AF1 /* styles.css in Resources */,
				8F5164A71A8E8FEF00346AF1 /* disclosure.png in Resources */,
				8F5164A01A8E8FEF00346AF1 /* PWTags.html in Resources */,
				8F5164631A8E044200346AF1 /* LaunchScreen.xib in Resources */,
				8F5164AE1A8E8FEF00346AF1 /* LICENSE in Resources */,
				8F51649B1A8E8FEF00346AF1 /* NSString+GTMNSStringHTMLAdditions.html in Resources */,
				8F51649F1A8E8FEF00346AF1 /* PWReachability.html in Resources */,
				8F51649E1A8E8FEF00346AF1 /* PWNetworkOperation.html in Resources */,
				8F5164A61A8E8FEF00346AF1 /* button_bar_background.png in Resources */,
				8F51649A1A8E8FEF00346AF1 /* NSDate+RFC1123.html in Resources */,
				8F5164AA1A8E8FEF00346AF1 /* title_background.png in Resources */,
				8F5164601A8E044200346AF1 /* Images.xcassets in Resources */,
				8F5164A51A8E8FEF00346AF1 /* hierarchy.html in Resources */,
				8F51649C1A8E8FEF00346AF1 /* PushNotificationManager.html in Resources */,
			);
			runOnlyForDeploymentPostprocessing = 0;
		};
		8F5164661A8E044200346AF1 /* Resources */ = {
			isa = PBXResourcesBuildPhase;
			buildActionMask = 2147483647;
			files = (
			);
			runOnlyForDeploymentPostprocessing = 0;
		};
/* End PBXResourcesBuildPhase section */

/* Begin PBXSourcesBuildPhase section */
		8F51644B1A8E044200346AF1 /* Sources */ = {
			isa = PBXSourcesBuildPhase;
			buildActionMask = 2147483647;
			files = (
				8F51645B1A8E044200346AF1 /* Home.m in Sources */,
				8F5164581A8E044200346AF1 /* AppDelegate.m in Sources */,
				8F5164B01A8E8FEF00346AF1 /* VERSION.md in Sources */,
				8F5164AF1A8E8FEF00346AF1 /* README.md in Sources */,
				8F5164551A8E044200346AF1 /* main.m in Sources */,
			);
			runOnlyForDeploymentPostprocessing = 0;
		};
		8F5164641A8E044200346AF1 /* Sources */ = {
			isa = PBXSourcesBuildPhase;
			buildActionMask = 2147483647;
			files = (
				8F51646F1A8E044200346AF1 /* tragomapsTests.m in Sources */,
			);
			runOnlyForDeploymentPostprocessing = 0;
		};
/* End PBXSourcesBuildPhase section */

/* Begin PBXTargetDependency section */
		8F51646A1A8E044200346AF1 /* PBXTargetDependency */ = {
			isa = PBXTargetDependency;
			target = 8F51644E1A8E044200346AF1 /* tragomaps */;
			targetProxy = 8F5164691A8E044200346AF1 /* PBXContainerItemProxy */;
		};
/* End PBXTargetDependency section */

/* Begin PBXVariantGroup section */
		8F51645C1A8E044200346AF1 /* Main.storyboard */ = {
			isa = PBXVariantGroup;
			children = (
				8F51645D1A8E044200346AF1 /* Base */,
			);
			name = Main.storyboard;
			sourceTree = "<group>";
		};
		8F5164611A8E044200346AF1 /* LaunchScreen.xib */ = {
			isa = PBXVariantGroup;
			children = (
				8F5164621A8E044200346AF1 /* Base */,
			);
			name = LaunchScreen.xib;
			sourceTree = "<group>";
		};
/* End PBXVariantGroup section */

/* Begin XCBuildConfiguration section */
		8F5164701A8E044200346AF1 /* Debug */ = {
			isa = XCBuildConfiguration;
			buildSettings = {
				ALWAYS_SEARCH_USER_PATHS = NO;
				CLANG_CXX_LANGUAGE_STANDARD = "gnu++0x";
				CLANG_CXX_LIBRARY = "libc++";
				CLANG_ENABLE_MODULES = YES;
				CLANG_ENABLE_OBJC_ARC = YES;
				CLANG_WARN_BOOL_CONVERSION = YES;
				CLANG_WARN_CONSTANT_CONVERSION = YES;
				CLANG_WARN_DIRECT_OBJC_ISA_USAGE = YES_ERROR;
				CLANG_WARN_EMPTY_BODY = YES;
				CLANG_WARN_ENUM_CONVERSION = YES;
				CLANG_WARN_INT_CONVERSION = YES;
				CLANG_WARN_OBJC_ROOT_CLASS = YES_ERROR;
				CLANG_WARN_UNREACHABLE_CODE = YES;
				CLANG_WARN__DUPLICATE_METHOD_MATCH = YES;
				"CODE_SIGN_IDENTITY[sdk=iphoneos*]" = "iPhone Developer";
				COPY_PHASE_STRIP = NO;
				ENABLE_STRICT_OBJC_MSGSEND = YES;
				GCC_C_LANGUAGE_STANDARD = gnu99;
				GCC_DYNAMIC_NO_PIC = NO;
				GCC_OPTIMIZATION_LEVEL = 0;
				GCC_PREPROCESSOR_DEFINITIONS = (
					"DEBUG=1",
					"$(inherited)",
				);
				GCC_SYMBOLS_PRIVATE_EXTERN = NO;
				GCC_WARN_64_TO_32_BIT_CONVERSION = YES;
				GCC_WARN_ABOUT_RETURN_TYPE = YES_ERROR;
				GCC_WARN_UNDECLARED_SELECTOR = YES;
				GCC_WARN_UNINITIALIZED_AUTOS = YES_AGGRESSIVE;
				GCC_WARN_UNUSED_FUNCTION = YES;
				GCC_WARN_UNUSED_VARIABLE = YES;
				IPHONEOS_DEPLOYMENT_TARGET = 8.1;
				MTL_ENABLE_DEBUG_INFO = YES;
				ONLY_ACTIVE_ARCH = YES;
				SDKROOT = iphoneos;
			};
			name = Debug;
		};
		8F5164711A8E044200346AF1 /* Release */ = {
			isa = XCBuildConfiguration;
			buildSettings = {
				ALWAYS_SEARCH_USER_PATHS = NO;
				CLANG_CXX_LANGUAGE_STANDARD = "gnu++0x";
				CLANG_CXX_LIBRARY = "libc++";
				CLANG_ENABLE_MODULES = YES;
				CLANG_ENABLE_OBJC_ARC = YES;
				CLANG_WARN_BOOL_CONVERSION = YES;
				CLANG_WARN_CONSTANT_CONVERSION = YES;
				CLANG_WARN_DIRECT_OBJC_ISA_USAGE = YES_ERROR;
				CLANG_WARN_EMPTY_BODY = YES;
				CLANG_WARN_ENUM_CONVERSION = YES;
				CLANG_WARN_INT_CONVERSION = YES;
				CLANG_WARN_OBJC_ROOT_CLASS = YES_ERROR;
				CLANG_WARN_UNREACHABLE_CODE = YES;
				CLANG_WARN__DUPLICATE_METHOD_MATCH = YES;
				"CODE_SIGN_IDENTITY[sdk=iphoneos*]" = "iPhone Developer";
				COPY_PHASE_STRIP = YES;
				ENABLE_NS_ASSERTIONS = NO;
				ENABLE_STRICT_OBJC_MSGSEND = YES;
				GCC_C_LANGUAGE_STANDARD = gnu99;
				GCC_WARN_64_TO_32_BIT_CONVERSION = YES;
				GCC_WARN_ABOUT_RETURN_TYPE = YES_ERROR;
				GCC_WARN_UNDECLARED_SELECTOR = YES;
				GCC_WARN_UNINITIALIZED_AUTOS = YES_AGGRESSIVE;
				GCC_WARN_UNUSED_FUNCTION = YES;
				GCC_WARN_UNUSED_VARIABLE = YES;
				IPHONEOS_DEPLOYMENT_TARGET = 8.1;
				MTL_ENABLE_DEBUG_INFO = NO;
				SDKROOT = iphoneos;
				VALIDATE_PRODUCT = YES;
			};
			name = Release;
		};
		8F5164731A8E044200346AF1 /* Debug */ = {
			isa = XCBuildConfiguration;
			buildSettings = {
				ASSETCATALOG_COMPILER_APPICON_NAME = AppIcon;
				FRAMEWORK_SEARCH_PATHS = (
					"$(inherited)",
					"$(PROJECT_DIR)/tragomaps/pushwoosh-ios-sdk-master/Framework",
				);
				INFOPLIST_FILE = tragomaps/Info.plist;
				IPHONEOS_DEPLOYMENT_TARGET = 8.0;
				LD_RUNPATH_SEARCH_PATHS = "$(inherited) @executable_path/Frameworks";
				OTHER_LDFLAGS = "-ObjC";
				PRODUCT_NAME = "$(TARGET_NAME)";
				PROVISIONING_PROFILE = "c8ebc6bf-3532-42ce-ac61-f0744ca58d23";
			};
			name = Debug;
		};
		8F5164741A8E044200346AF1 /* Release */ = {
			isa = XCBuildConfiguration;
			buildSettings = {
				ASSETCATALOG_COMPILER_APPICON_NAME = AppIcon;
				FRAMEWORK_SEARCH_PATHS = (
					"$(inherited)",
					"$(PROJECT_DIR)/tragomaps/pushwoosh-ios-sdk-master/Framework",
				);
				INFOPLIST_FILE = tragomaps/Info.plist;
				IPHONEOS_DEPLOYMENT_TARGET = 8.0;
				LD_RUNPATH_SEARCH_PATHS = "$(inherited) @executable_path/Frameworks";
				OTHER_LDFLAGS = "-ObjC";
				PRODUCT_NAME = "$(TARGET_NAME)";
				PROVISIONING_PROFILE = "c8ebc6bf-3532-42ce-ac61-f0744ca58d23";
			};
			name = Release;
		};
		8F5164761A8E044200346AF1 /* Debug */ = {
			isa = XCBuildConfiguration;
			buildSettings = {
				BUNDLE_LOADER = "$(TEST_HOST)";
				FRAMEWORK_SEARCH_PATHS = (
					"$(SDKROOT)/Developer/Library/Frameworks",
					"$(inherited)",
				);
				GCC_PREPROCESSOR_DEFINITIONS = (
					"DEBUG=1",
					"$(inherited)",
				);
				INFOPLIST_FILE = tragomapsTests/Info.plist;
				LD_RUNPATH_SEARCH_PATHS = "$(inherited) @executable_path/Frameworks @loader_path/Frameworks";
				PRODUCT_NAME = "$(TARGET_NAME)";
				TEST_HOST = "$(BUILT_PRODUCTS_DIR)/tragomaps.app/tragomaps";
			};
			name = Debug;
		};
		8F5164771A8E044200346AF1 /* Release */ = {
			isa = XCBuildConfiguration;
			buildSettings = {
				BUNDLE_LOADER = "$(TEST_HOST)";
				FRAMEWORK_SEARCH_PATHS = (
					"$(SDKROOT)/Developer/Library/Frameworks",
					"$(inherited)",
				);
				INFOPLIST_FILE = tragomapsTests/Info.plist;
				LD_RUNPATH_SEARCH_PATHS = "$(inherited) @executable_path/Frameworks @loader_path/Frameworks";
				PRODUCT_NAME = "$(TARGET_NAME)";
				TEST_HOST = "$(BUILT_PRODUCTS_DIR)/tragomaps.app/tragomaps";
			};
			name = Release;
		};
/* End XCBuildConfiguration section */

/* Begin XCConfigurationList section */
		8F51644A1A8E044100346AF1 /* Build configuration list for PBXProject "tragomaps" */ = {
			isa = XCConfigurationList;
			buildConfigurations = (
				8F5164701A8E044200346AF1 /* Debug */,
				8F5164711A8E044200346AF1 /* Release */,
			);
			defaultConfigurationIsVisible = 0;
			defaultConfigurationName = Release;
		};
		8F5164721A8E044200346AF1 /* Build configuration list for PBXNativeTarget "tragomaps" */ = {
			isa = XCConfigurationList;
			buildConfigurations = (
				8F5164731A8E044200346AF1 /* Debug */,
				8F5164741A8E044200346AF1 /* Release */,
			);
			defaultConfigurationIsVisible = 0;
		};
		8F5164751A8E044200346AF1 /* Build configuration list for PBXNativeTarget "tragomapsTests" */ = {
			isa = XCConfigurationList;
			buildConfigurations = (
				8F5164761A8E044200346AF1 /* Debug */,
				8F5164771A8E044200346AF1 /* Release */,
			);
			defaultConfigurationIsVisible = 0;
		};
/* End XCConfigurationList section */
	};
	rootObject = 8F5164471A8E044100346AF1 /* Project object */;
}
